
Microsoft Visual Studio Solution File, Format Version 12.00
# Visual Studio 14
VisualStudioVersion = 14.0.25420.1
MinimumVisualStudioVersion = 10.0.40219.1
Project("{FAE04EC0-301F-11D3-BF4B-00C04F79EFBC}") = "OpenTheatre", "opentheatre\OpenTheatre.csproj", "{75A2CFC6-B0B1-42A6-B1F7-66B3C68A06CA}"
EndProject
Project("{FAE04EC0-301F-11D3-BF4B-00C04F79EFBC}") = "UnhandledExceptions", "UnhandledExceptions\UnhandledExceptions.csproj", "{8C34BF91-CCE3-47FA-AA32-4B2BB1A6F17A}"
EndProject
Global
	GlobalSection(SolutionConfigurationPlatforms) = preSolution
		Debug|Any CPU = Debug|Any CPU
		Debug|Win32 = Debug|Win32
		Debug|x64 = Debug|x64
		Debug|x86 = Debug|x86
		Release|Any CPU = Release|Any CPU
		Release|Win32 = Release|Win32
		Release|x64 = Release|x64
		Release|x86 = Release|x86
	EndGlobalSection
	GlobalSection(ProjectConfigurationPlatforms) = postSolution
		{75A2CFC6-B0B1-42A6-B1F7-66B3C68A06CA}.Debug|Any CPU.ActiveCfg = Debug|Any CPU
		{75A2CFC6-B0B1-42A6-B1F7-66B3C68A06CA}.Debug|Any CPU.Build.0 = Debug|Any CPU
		{75A2CFC6-B0B1-42A6-B1F7-66B3C68A06CA}.Debug|Win32.ActiveCfg = Debug|Any CPU
		{75A2CFC6-B0B1-42A6-B1F7-66B3C68A06CA}.Debug|Win32.Build.0 = Debug|Any CPU
		{75A2CFC6-B0B1-42A6-B1F7-66B3C68A06CA}.Debug|x64.ActiveCfg = Debug|Any CPU
		{75A2CFC6-B0B1-42A6-B1F7-66B3C68A06CA}.Debug|x64.Build.0 = Debug|Any CPU
		{75A2CFC6-B0B1-42A6-B1F7-66B3C68A06CA}.Debug|x86.ActiveCfg = Debug|Any CPU
		{75A2CFC6-B0B1-42A6-B1F7-66B3C68A06CA}.Debug|x86.Build.0 = Debug|Any CPU
		{75A2CFC6-B0B1-42A6-B1F7-66B3C68A06CA}.Release|Any CPU.ActiveCfg = Release|Any CPU
		{75A2CFC6-B0B1-42A6-B1F7-66B3C68A06CA}.Release|Any CPU.Build.0 = Release|Any CPU
		{75A2CFC6-B0B1-42A6-B1F7-66B3C68A06CA}.Release|Win32.ActiveCfg = Release|Any CPU
		{75A2CFC6-B0B1-42A6-B1F7-66B3C68A06CA}.Release|Win32.Build.0 = Release|Any CPU
		{75A2CFC6-B0B1-42A6-B1F7-66B3C68A06CA}.Release|x64.ActiveCfg = Release|Any CPU
		{75A2CFC6-B0B1-42A6-B1F7-66B3C68A06CA}.Release|x64.Build.0 = Release|Any CPU
		{75A2CFC6-B0B1-42A6-B1F7-66B3C68A06CA}.Release|x86.ActiveCfg = Release|Any CPU
		{75A2CFC6-B0B1-42A6-B1F7-66B3C68A06CA}.Release|x86.Build.0 = Release|Any CPU
		{8C34BF91-CCE3-47FA-AA32-4B2BB1A6F17A}.Debug|Any CPU.ActiveCfg = Debug|Any CPU
		{8C34BF91-CCE3-47FA-AA32-4B2BB1A6F17A}.Debug|Any CPU.Build.0 = Debug|Any CPU
		{8C34BF91-CCE3-47FA-AA32-4B2BB1A6F17A}.Debug|Win32.ActiveCfg = Debug|Any CPU
		{8C34BF91-CCE3-47FA-AA32-4B2BB1A6F17A}.Debug|Win32.Build.0 = Debug|Any CPU
		{8C34BF91-CCE3-47FA-AA32-4B2BB1A6F17A}.Debug|x64.ActiveCfg = Debug|Any CPU
		{8C34BF91-CCE3-47FA-AA32-4B2BB1A6F17A}.Debug|x64.Build.0 = Debug|Any CPU
		{8C34BF91-CCE3-47FA-AA32-4B2BB1A6F17A}.Debug|x86.ActiveCfg = Debug|Any CPU
		{8C34BF91-CCE3-47FA-AA32-4B2BB1A6F17A}.Debug|x86.Build.0 = Debug|Any CPU
		{8C34BF91-CCE3-47FA-AA32-4B2BB1A6F17A}.Release|Any CPU.ActiveCfg = Release|Any CPU
		{8C34BF91-CCE3-47FA-AA32-4B2BB1A6F17A}.Release|Any CPU.Build.0 = Release|Any CPU
		{8C34BF91-CCE3-47FA-AA32-4B2BB1A6F17A}.Release|Win32.ActiveCfg = Release|Any CPU
		{8C34BF91-CCE3-47FA-AA32-4B2BB1A6F17A}.Release|Win32.Build.0 = Release|Any CPU
		{8C34BF91-CCE3-47FA-AA32-4B2BB1A6F17A}.Release|x64.ActiveCfg = Release|Any CPU
		{8C34BF91-CCE3-47FA-AA32-4B2BB1A6F17A}.Release|x64.Build.0 = Release|Any CPU
		{8C34BF91-CCE3-47FA-AA32-4B2BB1A6F17A}.Release|x86.ActiveCfg = Release|Any CPU
		{8C34BF91-CCE3-47FA-AA32-4B2BB1A6F17A}.Release|x86.Build.0 = Release|Any CPU
	EndGlobalSection
	GlobalSection(SolutionProperties) = preSolution
		HideSolutionNode = FALSE
	EndGlobalSection
EndGlobal
